
Microsoft Visual Studio Solution File, Format Version 12.00
# Visual Studio Version 16
VisualStudioVersion = 25.0.1703.4
MinimumVisualStudioVersion = 10.0.40219.1
Project("{FAE04EC0-301F-11D3-BF4B-00C04F79EFBC}") = "MyFirstApp", "MyFirstApp.csproj", "{45187962-71B7-4DEE-A897-87A9586CA98C}"
EndProject
Global
	GlobalSection(SolutionConfigurationPlatforms) = preSolution
		Debug|Any CPU = Debug|Any CPU
		Release|Any CPU = Release|Any CPU
	EndGlobalSection
	GlobalSection(ProjectConfigurationPlatforms) = postSolution
		{45187962-71B7-4DEE-A897-87A9586CA98C}.Debug|Any CPU.ActiveCfg = Debug|Any CPU
		{45187962-71B7-4DEE-A897-87A9586CA98C}.Debug|Any CPU.Build.0 = Debug|Any CPU
		{45187962-71B7-4DEE-A897-87A9586CA98C}.Release|Any CPU.ActiveCfg = Release|Any CPU
		{45187962-71B7-4DEE-A897-87A9586CA98C}.Release|Any CPU.Build.0 = Release|Any CPU
	EndGlobalSection
	GlobalSection(SolutionProperties) = preSolution
		HideSolutionNode = FALSE
	EndGlobalSection
	GlobalSection(ExtensibilityGlobals) = postSolution
		SolutionGuid = {D1301619-09DE-4E1C-B3CD-38FF38D80C49}
	EndGlobalSection
EndGlobal
